{
  "name": "@myrotvorets/po2json",
  "version": "1.0.3",
  "lockfileVersion": 3,
  "requires": true,
  "packages": {
    "": {
      "name": "@myrotvorets/po2json",
      "version": "1.0.3",
      "license": "MIT",
      "bin": {
        "po2json": "dist/po2json.js"
      },
      "devDependencies": {
        "@vercel/ncc": "^0.38.1",
        "pofile": "^1.1.4"
      }
    },
    "node_modules/@vercel/ncc": {
      "version": "0.38.3",
      "resolved": "https://registry.npmjs.org/@vercel/ncc/-/ncc-0.38.3.tgz",
      "integrity": "sha512-rnK6hJBS6mwc+Bkab+PGPs9OiS0i/3kdTO+CkI8V0/VrW3vmz7O2Pxjw/owOlmo6PKEIxRSeZKv/kuL9itnpYA==",
      "dev": true,
      "license": "MIT",
      "bin": {
        "ncc": "dist/ncc/cli.js"
      }
    },
    "node_modules/pofile": {
      "version": "1.1.4",
      "resolved": "https://registry.npmjs.org/pofile/-/pofile-1.1.4.tgz",
      "integrity": "sha512-r6Q21sKsY1AjTVVjOuU02VYKVNQGJNQHjTIvs4dEbeuuYfxgYk/DGD2mqqq4RDaVkwdSq0VEtmQUOPe/wH8X3g==",
      "dev": true,
      "license": "MIT"
    }
  }
}
