{
  "name": "@myrotvorets/po2json",
  "version": "1.0.2",
  "lockfileVersion": 2,
  "requires": true,
  "packages": {
    "": {
      "name": "@myrotvorets/po2json",
      "version": "1.0.2",
      "license": "MIT",
      "bin": {
        "po2json": "dist/po2json.js"
      },
      "devDependencies": {
        "@vercel/ncc": "^0.33.3",
        "pofile": "^1.1.1"
      }
    },
    "node_modules/@vercel/ncc": {
      "version": "0.33.3",
      "resolved": "https://registry.npmjs.org/@vercel/ncc/-/ncc-0.33.3.tgz",
      "integrity": "sha512-JGZ11QV+/ZcfudW2Cz2JVp54/pJNXbsuWRgSh2ZmmZdQBKXqBtIGrwI1Wyx8nlbzAiEFe7FHi4K1zX4//jxTnQ==",
      "dev": true,
      "bin": {
        "ncc": "dist/ncc/cli.js"
      }
    },
    "node_modules/pofile": {
      "version": "1.1.3",
      "resolved": "https://registry.npmjs.org/pofile/-/pofile-1.1.3.tgz",
      "integrity": "sha512-sk96pUvpNwDV6PLrnhr68Uu1S5NohsxqLKz0GuracgrDo40BdF/r1RhHnjakUk6Q4Z0OKIybOQ7GevLKGN1iYw==",
      "dev": true
    }
  },
  "dependencies": {
    "@vercel/ncc": {
      "version": "0.33.3",
      "resolved": "https://registry.npmjs.org/@vercel/ncc/-/ncc-0.33.3.tgz",
      "integrity": "sha512-JGZ11QV+/ZcfudW2Cz2JVp54/pJNXbsuWRgSh2ZmmZdQBKXqBtIGrwI1Wyx8nlbzAiEFe7FHi4K1zX4//jxTnQ==",
      "dev": true
    },
    "pofile": {
      "version": "1.1.3",
      "resolved": "https://registry.npmjs.org/pofile/-/pofile-1.1.3.tgz",
      "integrity": "sha512-sk96pUvpNwDV6PLrnhr68Uu1S5NohsxqLKz0GuracgrDo40BdF/r1RhHnjakUk6Q4Z0OKIybOQ7GevLKGN1iYw==",
      "dev": true
    }
  }
}
