{
  "name": "@myrotvorets/po2json",
  "version": "1.0.2",
  "lockfileVersion": 2,
  "requires": true,
  "packages": {
    "": {
      "name": "@myrotvorets/po2json",
      "version": "1.0.2",
      "license": "MIT",
      "bin": {
        "po2json": "dist/po2json.js"
      },
      "devDependencies": {
        "@vercel/ncc": "^0.34.0",
        "pofile": "^1.1.1"
      }
    },
    "node_modules/@vercel/ncc": {
      "version": "0.34.0",
      "resolved": "https://registry.npmjs.org/@vercel/ncc/-/ncc-0.34.0.tgz",
      "integrity": "sha512-G9h5ZLBJ/V57Ou9vz5hI8pda/YQX5HQszCs3AmIus3XzsmRn/0Ptic5otD3xVST8QLKk7AMk7AqpsyQGN7MZ9A==",
      "dev": true,
      "bin": {
        "ncc": "dist/ncc/cli.js"
      }
    },
    "node_modules/pofile": {
      "version": "1.1.3",
      "resolved": "https://registry.npmjs.org/pofile/-/pofile-1.1.3.tgz",
      "integrity": "sha512-sk96pUvpNwDV6PLrnhr68Uu1S5NohsxqLKz0GuracgrDo40BdF/r1RhHnjakUk6Q4Z0OKIybOQ7GevLKGN1iYw==",
      "dev": true
    }
  },
  "dependencies": {
    "@vercel/ncc": {
      "version": "0.34.0",
      "resolved": "https://registry.npmjs.org/@vercel/ncc/-/ncc-0.34.0.tgz",
      "integrity": "sha512-G9h5ZLBJ/V57Ou9vz5hI8pda/YQX5HQszCs3AmIus3XzsmRn/0Ptic5otD3xVST8QLKk7AMk7AqpsyQGN7MZ9A==",
      "dev": true
    },
    "pofile": {
      "version": "1.1.3",
      "resolved": "https://registry.npmjs.org/pofile/-/pofile-1.1.3.tgz",
      "integrity": "sha512-sk96pUvpNwDV6PLrnhr68Uu1S5NohsxqLKz0GuracgrDo40BdF/r1RhHnjakUk6Q4Z0OKIybOQ7GevLKGN1iYw==",
      "dev": true
    }
  }
}
